
Microsoft Visual Studio Solution File, Format Version 12.00
# Visual Studio 15
VisualStudioVersion = 15.0.26430.16
MinimumVisualStudioVersion = 10.0.40219.1
Project("{8BC9CEB8-8B4A-11D0-8D11-00A0C91BC942}") = "Graficas computacionales", "Graficas computacionales\Graficas computacionales.vcxproj", "{EB896D7F-4D49-4B00-8A70-49088E3FE6FA}"
EndProject
Global
	GlobalSection(SolutionConfigurationPlatforms) = preSolution
		Debug|x64 = Debug|x64
		Debug|x86 = Debug|x86
		Release|x64 = Release|x64
		Release|x86 = Release|x86
	EndGlobalSection
	GlobalSection(ProjectConfigurationPlatforms) = postSolution
		{EB896D7F-4D49-4B00-8A70-49088E3FE6FA}.Debug|x64.ActiveCfg = Debug|x64
		{EB896D7F-4D49-4B00-8A70-49088E3FE6FA}.Debug|x64.Build.0 = Debug|x64
		{EB896D7F-4D49-4B00-8A70-49088E3FE6FA}.Debug|x86.ActiveCfg = Debug|Win32
		{EB896D7F-4D49-4B00-8A70-49088E3FE6FA}.Debug|x86.Build.0 = Debug|Win32
		{EB896D7F-4D49-4B00-8A70-49088E3FE6FA}.Release|x64.ActiveCfg = Release|x64
		{EB896D7F-4D49-4B00-8A70-49088E3FE6FA}.Release|x64.Build.0 = Release|x64
		{EB896D7F-4D49-4B00-8A70-49088E3FE6FA}.Release|x86.ActiveCfg = Release|Win32
		{EB896D7F-4D49-4B00-8A70-49088E3FE6FA}.Release|x86.Build.0 = Release|Win32
	EndGlobalSection
	GlobalSection(SolutionProperties) = preSolution
		HideSolutionNode = FALSE
	EndGlobalSection
EndGlobal
